// !$*UTF8*$!
{
	archiveVersion = 1;
	classes = {
	};
	objectVersion = 46;
	objects = {

/* Begin PBXBuildFile section */
		948144C41764CD68002C083E /* UIKit.framework in Frameworks */ = {isa = PBXBuildFile; fileRef = 948144C31764CD68002C083E /* UIKit.framework */; };
		948144C61764CD68002C083E /* Foundation.framework in Frameworks */ = {isa = PBXBuildFile; fileRef = 948144C51764CD68002C083E /* Foundation.framework */; };
		948144C81764CD68002C083E /* CoreGraphics.framework in Frameworks */ = {isa = PBXBuildFile; fileRef = 948144C71764CD68002C083E /* CoreGraphics.framework */; };
		948144CE1764CD68002C083E /* InfoPlist.strings in Resources */ = {isa = PBXBuildFile; fileRef = 948144CC1764CD68002C083E /* InfoPlist.strings */; };
		948144D01764CD68002C083E /* main.m in Sources */ = {isa = PBXBuildFile; fileRef = 948144CF1764CD68002C083E /* main.m */; };
		948144D41764CD68002C083E /* AppDelegate.m in Sources */ = {isa = PBXBuildFile; fileRef = 948144D31764CD68002C083E /* AppDelegate.m */; };
		948144D61764CD68002C083E /* Default.png in Resources */ = {isa = PBXBuildFile; fileRef = 948144D51764CD68002C083E /* Default.png */; };
		948144D81764CD68002C083E /* Default@2x.png in Resources */ = {isa = PBXBuildFile; fileRef = 948144D71764CD68002C083E /* Default@2x.png */; };
		948144DA1764CD68002C083E /* Default-568h@2x.png in Resources */ = {isa = PBXBuildFile; fileRef = 948144D91764CD68002C083E /* Default-568h@2x.png */; };
/* End PBXBuildFile section */

/* Begin PBXFileReference section */
		948144C01764CD68002C083E /* ABMToolbox.app */ = {isa = PBXFileReference; explicitFileType = wrapper.application; includeInIndex = 0; path = ABMToolbox.app; sourceTree = BUILT_PRODUCTS_DIR; };
		948144C31764CD68002C083E /* UIKit.framework */ = {isa = PBXFileReference; lastKnownFileType = wrapper.framework; name = UIKit.framework; path = System/Library/Frameworks/UIKit.framework; sourceTree = SDKROOT; };
		948144C51764CD68002C083E /* Foundation.framework */ = {isa = PBXFileReference; lastKnownFileType = wrapper.framework; name = Foundation.framework; path = System/Library/Frameworks/Foundation.framework; sourceTree = SDKROOT; };
		948144C71764CD68002C083E /* CoreGraphics.framework */ = {isa = PBXFileReference; lastKnownFileType = wrapper.framework; name = CoreGraphics.framework; path = System/Library/Frameworks/CoreGraphics.framework; sourceTree = SDKROOT; };
		948144CB1764CD68002C083E /* ABMToolbox-Info.plist */ = {isa = PBXFileReference; lastKnownFileType = text.plist.xml; path = "ABMToolbox-Info.plist"; sourceTree = "<group>"; };
		948144CD1764CD68002C083E /* en */ = {isa = PBXFileReference; lastKnownFileType = text.plist.strings; name = en; path = en.lproj/InfoPlist.strings; sourceTree = "<group>"; };
		948144CF1764CD68002C083E /* main.m */ = {isa = PBXFileReference; lastKnownFileType = sourcecode.c.objc; path = main.m; sourceTree = "<group>"; };
		948144D11764CD68002C083E /* ABMToolbox-Prefix.pch */ = {isa = PBXFileReference; lastKnownFileType = sourcecode.c.h; path = "ABMToolbox-Prefix.pch"; sourceTree = "<group>"; };
		948144D21764CD68002C083E /* AppDelegate.h */ = {isa = PBXFileReference; lastKnownFileType = sourcecode.c.h; path = AppDelegate.h; sourceTree = "<group>"; };
		948144D31764CD68002C083E /* AppDelegate.m */ = {isa = PBXFileReference; lastKnownFileType = sourcecode.c.objc; path = AppDelegate.m; sourceTree = "<group>"; };
		948144D51764CD68002C083E /* Default.png */ = {isa = PBXFileReference; lastKnownFileType = image.png; path = Default.png; sourceTree = "<group>"; };
		948144D71764CD68002C083E /* Default@2x.png */ = {isa = PBXFileReference; lastKnownFileType = image.png; path = "Default@2x.png"; sourceTree = "<group>"; };
		948144D91764CD68002C083E /* Default-568h@2x.png */ = {isa = PBXFileReference; lastKnownFileType = image.png; path = "Default-568h@2x.png"; sourceTree = "<group>"; };
/* End PBXFileReference section */

/* Begin PBXFrameworksBuildPhase section */
		948144BD1764CD68002C083E /* Frameworks */ = {
			isa = PBXFrameworksBuildPhase;
			buildActionMask = 2147483647;
			files = (
				948144C41764CD68002C083E /* UIKit.framework in Frameworks */,
				948144C61764CD68002C083E /* Foundation.framework in Frameworks */,
				948144C81764CD68002C083E /* CoreGraphics.framework in Frameworks */,
			);
			runOnlyForDeploymentPostprocessing = 0;
		};
/* End PBXFrameworksBuildPhase section */

/* Begin PBXGroup section */
		948144B71764CD68002C083E = {
			isa = PBXGroup;
			children = (
				948144C91764CD68002C083E /* ABMToolbox */,
				948144C21764CD68002C083E /* Frameworks */,
				948144C11764CD68002C083E /* Products */,
			);
			sourceTree = "<group>";
		};
		948144C11764CD68002C083E /* Products */ = {
			isa = PBXGroup;
			children = (
				948144C01764CD68002C083E /* ABMToolbox.app */,
			);
			name = Products;
			sourceTree = "<group>";
		};
		948144C21764CD68002C083E /* Frameworks */ = {
			isa = PBXGroup;
			children = (
				948144C31764CD68002C083E /* UIKit.framework */,
				948144C51764CD68002C083E /* Foundation.framework */,
				948144C71764CD68002C083E /* CoreGraphics.framework */,
			);
			name = Frameworks;
			sourceTree = "<group>";
		};
		948144C91764CD68002C083E /* ABMToolbox */ = {
			isa = PBXGroup;
			children = (
				948144D21764CD68002C083E /* AppDelegate.h */,
				948144D31764CD68002C083E /* AppDelegate.m */,
				948144CA1764CD68002C083E /* Supporting Files */,
			);
			path = ABMToolbox;
			sourceTree = "<group>";
		};
		948144CA1764CD68002C083E /* Supporting Files */ = {
			isa = PBXGroup;
			children = (
				948144CB1764CD68002C083E /* ABMToolbox-Info.plist */,
				948144CC1764CD68002C083E /* InfoPlist.strings */,
				948144CF1764CD68002C083E /* main.m */,
				948144D11764CD68002C083E /* ABMToolbox-Prefix.pch */,
				948144D51764CD68002C083E /* Default.png */,
				948144D71764CD68002C083E /* Default@2x.png */,
				948144D91764CD68002C083E /* Default-568h@2x.png */,
			);
			name = "Supporting Files";
			sourceTree = "<group>";
		};
/* End PBXGroup section */

/* Begin PBXNativeTarget section */
		948144BF1764CD68002C083E /* ABMToolbox */ = {
			isa = PBXNativeTarget;
			buildConfigurationList = 948144DD1764CD68002C083E /* Build configuration list for PBXNativeTarget "ABMToolbox" */;
			buildPhases = (
				948144BC1764CD68002C083E /* Sources */,
				948144BD1764CD68002C083E /* Frameworks */,
				948144BE1764CD68002C083E /* Resources */,
			);
			buildRules = (
			);
			dependencies = (
			);
			name = ABMToolbox;
			productName = ABMToolbox;
			productReference = 948144C01764CD68002C083E /* ABMToolbox.app */;
			productType = "com.apple.product-type.application";
		};
/* End PBXNativeTarget section */

/* Begin PBXProject section */
		948144B81764CD68002C083E /* Project object */ = {
			isa = PBXProject;
			attributes = {
				LastUpgradeCheck = 0460;
				ORGANIZATIONNAME = aberger.me;
			};
			buildConfigurationList = 948144BB1764CD68002C083E /* Build configuration list for PBXProject "ABMToolbox" */;
			compatibilityVersion = "Xcode 3.2";
			developmentRegion = English;
			hasScannedForEncodings = 0;
			knownRegions = (
				en,
			);
			mainGroup = 948144B71764CD68002C083E;
			productRefGroup = 948144C11764CD68002C083E /* Products */;
			projectDirPath = "";
			projectRoot = "";
			targets = (
				948144BF1764CD68002C083E /* ABMToolbox */,
			);
		};
/* End PBXProject section */

/* Begin PBXResourcesBuildPhase section */
		948144BE1764CD68002C083E /* Resources */ = {
			isa = PBXResourcesBuildPhase;
			buildActionMask = 2147483647;
			files = (
				948144CE1764CD68002C083E /* InfoPlist.strings in Resources */,
				948144D61764CD68002C083E /* Default.png in Resources */,
				948144D81764CD68002C083E /* Default@2x.png in Resources */,
				948144DA1764CD68002C083E /* Default-568h@2x.png in Resources */,
			);
			runOnlyForDeploymentPostprocessing = 0;
		};
/* End PBXResourcesBuildPhase section */

/* Begin PBXSourcesBuildPhase section */
		948144BC1764CD68002C083E /* Sources */ = {
			isa = PBXSourcesBuildPhase;
			buildActionMask = 2147483647;
			files = (
				948144D01764CD68002C083E /* main.m in Sources */,
				948144D41764CD68002C083E /* AppDelegate.m in Sources */,
			);
			runOnlyForDeploymentPostprocessing = 0;
		};
/* End PBXSourcesBuildPhase section */

/* Begin PBXVariantGroup section */
		948144CC1764CD68002C083E /* InfoPlist.strings */ = {
			isa = PBXVariantGroup;
			children = (
				948144CD1764CD68002C083E /* en */,
			);
			name = InfoPlist.strings;
			sourceTree = "<group>";
		};
/* End PBXVariantGroup section */

/* Begin XCBuildConfiguration section */
		948144DB1764CD68002C083E /* Debug */ = {
			isa = XCBuildConfiguration;
			buildSettings = {
				ALWAYS_SEARCH_USER_PATHS = NO;
				CLANG_CXX_LANGUAGE_STANDARD = "gnu++0x";
				CLANG_CXX_LIBRARY = "libc++";
				CLANG_ENABLE_OBJC_ARC = YES;
				CLANG_WARN_CONSTANT_CONVERSION = YES;
				CLANG_WARN_EMPTY_BODY = YES;
				CLANG_WARN_ENUM_CONVERSION = YES;
				CLANG_WARN_INT_CONVERSION = YES;
				CLANG_WARN__DUPLICATE_METHOD_MATCH = YES;
				"CODE_SIGN_IDENTITY[sdk=iphoneos*]" = "iPhone Developer";
				COPY_PHASE_STRIP = NO;
				GCC_C_LANGUAGE_STANDARD = gnu99;
				GCC_DYNAMIC_NO_PIC = NO;
				GCC_OPTIMIZATION_LEVEL = 0;
				GCC_PREPROCESSOR_DEFINITIONS = (
					"DEBUG=1",
					"$(inherited)",
				);
				GCC_SYMBOLS_PRIVATE_EXTERN = NO;
				GCC_WARN_ABOUT_RETURN_TYPE = YES;
				GCC_WARN_UNINITIALIZED_AUTOS = YES;
				GCC_WARN_UNUSED_VARIABLE = YES;
				IPHONEOS_DEPLOYMENT_TARGET = 6.1;
				ONLY_ACTIVE_ARCH = YES;
				SDKROOT = iphoneos;
			};
			name = Debug;
		};
		948144DC1764CD68002C083E /* Release */ = {
			isa = XCBuildConfiguration;
			buildSettings = {
				ALWAYS_SEARCH_USER_PATHS = NO;
				CLANG_CXX_LANGUAGE_STANDARD = "gnu++0x";
				CLANG_CXX_LIBRARY = "libc++";
				CLANG_ENABLE_OBJC_ARC = YES;
				CLANG_WARN_CONSTANT_CONVERSION = YES;
				CLANG_WARN_EMPTY_BODY = YES;
				CLANG_WARN_ENUM_CONVERSION = YES;
				CLANG_WARN_INT_CONVERSION = YES;
				CLANG_WARN__DUPLICATE_METHOD_MATCH = YES;
				"CODE_SIGN_IDENTITY[sdk=iphoneos*]" = "iPhone Developer";
				COPY_PHASE_STRIP = YES;
				GCC_C_LANGUAGE_STANDARD = gnu99;
				GCC_WARN_ABOUT_RETURN_TYPE = YES;
				GCC_WARN_UNINITIALIZED_AUTOS = YES;
				GCC_WARN_UNUSED_VARIABLE = YES;
				IPHONEOS_DEPLOYMENT_TARGET = 6.1;
				OTHER_CFLAGS = "-DNS_BLOCK_ASSERTIONS=1";
				SDKROOT = iphoneos;
				VALIDATE_PRODUCT = YES;
			};
			name = Release;
		};
		948144DE1764CD68002C083E /* Debug */ = {
			isa = XCBuildConfiguration;
			buildSettings = {
				GCC_PRECOMPILE_PREFIX_HEADER = YES;
				GCC_PREFIX_HEADER = "ABMToolbox/ABMToolbox-Prefix.pch";
				INFOPLIST_FILE = "ABMToolbox/ABMToolbox-Info.plist";
				PRODUCT_NAME = "$(TARGET_NAME)";
				WRAPPER_EXTENSION = app;
			};
			name = Debug;
		};
		948144DF1764CD68002C083E /* Release */ = {
			isa = XCBuildConfiguration;
			buildSettings = {
				GCC_PRECOMPILE_PREFIX_HEADER = YES;
				GCC_PREFIX_HEADER = "ABMToolbox/ABMToolbox-Prefix.pch";
				INFOPLIST_FILE = "ABMToolbox/ABMToolbox-Info.plist";
				PRODUCT_NAME = "$(TARGET_NAME)";
				WRAPPER_EXTENSION = app;
			};
			name = Release;
		};
/* End XCBuildConfiguration section */

/* Begin XCConfigurationList section */
		948144BB1764CD68002C083E /* Build configuration list for PBXProject "ABMToolbox" */ = {
			isa = XCConfigurationList;
			buildConfigurations = (
				948144DB1764CD68002C083E /* Debug */,
				948144DC1764CD68002C083E /* Release */,
			);
			defaultConfigurationIsVisible = 0;
			defaultConfigurationName = Release;
		};
		948144DD1764CD68002C083E /* Build configuration list for PBXNativeTarget "ABMToolbox" */ = {
			isa = XCConfigurationList;
			buildConfigurations = (
				948144DE1764CD68002C083E /* Debug */,
				948144DF1764CD68002C083E /* Release */,
			);
			defaultConfigurationIsVisible = 0;
		};
/* End XCConfigurationList section */
	};
	rootObject = 948144B81764CD68002C083E /* Project object */;
}
